{
  "name": "backend",
  "lockfileVersion": 3,
  "requires": true,
  "packages": {
    "": {
      "dependencies": {
        "localstorage-polyfill": "^1.0.1"
      }
    },
    "node_modules/localstorage-polyfill": {
      "version": "1.0.1",
      "resolved": "https://registry.npmjs.org/localstorage-polyfill/-/localstorage-polyfill-1.0.1.tgz",
      "integrity": "sha512-m4iHVZxFH5734oQcPKU08025gIz2+4bjWR9lulP8ZYxEJR0BpA0w32oJmkzh8y3UI9ci7xCBehQDc3oA1X+VHw==",
      "license": "MIT",
      "engines": {
        "node": ">=6"
      }
    }
  }
}
